
Microsoft Visual Studio Solution File, Format Version 12.00
# Visual Studio Version 17
VisualStudioVersion = 17.1.32407.343
MinimumVisualStudioVersion = 10.0.40219.1
Project("{FAE04EC0-301F-11D3-BF4B-00C04F79EFBC}") = "HkmpPouch", "HkmpPouch.csproj", "{103F7A66-A13F-48CD-B5AB-2D7F258481BD}"
EndProject
Global
	GlobalSection(SolutionConfigurationPlatforms) = preSolution
		Debug|Any CPU = Debug|Any CPU
		Release|Any CPU = Release|Any CPU
	EndGlobalSection
	GlobalSection(ProjectConfigurationPlatforms) = postSolution
		{103F7A66-A13F-48CD-B5AB-2D7F258481BD}.Debug|Any CPU.ActiveCfg = Debug|Any CPU
		{103F7A66-A13F-48CD-B5AB-2D7F258481BD}.Debug|Any CPU.Build.0 = Debug|Any CPU
		{103F7A66-A13F-48CD-B5AB-2D7F258481BD}.Release|Any CPU.ActiveCfg = Release|Any CPU
		{103F7A66-A13F-48CD-B5AB-2D7F258481BD}.Release|Any CPU.Build.0 = Release|Any CPU
	EndGlobalSection
	GlobalSection(SolutionProperties) = preSolution
		HideSolutionNode = FALSE
	EndGlobalSection
	GlobalSection(ExtensibilityGlobals) = postSolution
		SolutionGuid = {40F37488-873A-499C-A73D-203F34FB353B}
	EndGlobalSection
EndGlobal
